{
    "_readme": [
        "This file locks the dependencies of your project to a known state",
        "Read more about it at https://getcomposer.org/doc/01-basic-usage.md#installing-dependencies",
        "This file is @generated automatically"
    ],
    "content-hash": "59520a2f7c6228f6f3b7f053045740e3",
    "packages": [
        {
            "name": "automattic/jetpack-autoloader",
            "version": "v5.0.16",
            "source": {
                "type": "git",
                "url": "https://github.com/Automattic/jetpack-autoloader.git",
                "reference": "d8ae822a35e7431137e860ee60eceedaa745e4d1"
            },
            "dist": {
                "type": "zip",
                "url": "https://api.github.com/repos/Automattic/jetpack-autoloader/zipball/d8ae822a35e7431137e860ee60eceedaa745e4d1",
                "reference": "d8ae822a35e7431137e860ee60eceedaa745e4d1",
                "shasum": ""
            },
            "require": {
                "composer-plugin-api": "^2.2",
                "php": ">=7.2"
            },
            "require-dev": {
                "automattic/jetpack-changelogger": "^6.0.14",
                "automattic/phpunit-select-config": "^1.0.3",
                "composer/composer": "^2.2",
                "yoast/phpunit-polyfills": "^4.0.0"
            },
            "type": "composer-plugin",
            "extra": {
                "class": "Automattic\\Jetpack\\Autoloader\\CustomAutoloaderPlugin",
                "autotagger": true,
                "mirror-repo": "Automattic/jetpack-autoloader",
                "branch-alias": {
                    "dev-trunk": "5.0.x-dev"
                },
                "changelogger": {
                    "link-template": "https://github.com/Automattic/jetpack-autoloader/compare/v${old}...v${new}"
                },
                "version-constants": {
                    "::VERSION": "src/AutoloadGenerator.php"
                }
            },
            "autoload": {
                "psr-4": {
                    "Automattic\\Jetpack\\Autoloader\\": "src"
                },
                "classmap": [
                    "src/AutoloadGenerator.php"
                ]
            },
            "notification-url": "https://packagist.org/downloads/",
            "license": [
                "GPL-2.0-or-later"
            ],
            "description": "Creates a custom autoloader for a plugin or theme.",
            "keywords": [
                "autoload",
                "autoloader",
                "composer",
                "jetpack",
                "plugin",
                "wordpress"
            ],
            "support": {
                "source": "https://github.com/Automattic/jetpack-autoloader/tree/v5.0.16"
            },
            "time": "2026-02-16T10:33:15+00:00"
        },
        {
            "name": "pronamic/wp-datetime",
            "version": "v2.2.0",
            "source": {
                "type": "git",
                "url": "https://github.com/pronamic/wp-datetime.git",
                "reference": "c4beb8efc81eb522f9fb63f4339e5f00f97e8383"
            },
            "dist": {
                "type": "zip",
                "url": "https://api.github.com/repos/pronamic/wp-datetime/zipball/c4beb8efc81eb522f9fb63f4339e5f00f97e8383",
                "reference": "c4beb8efc81eb522f9fb63f4339e5f00f97e8383",
                "shasum": ""
            },
            "require": {
                "php": ">=7.4"
            },
            "require-dev": {
                "automattic/wordbless": "^0.4.1",
                "bamarni/composer-bin-plugin": "^1.4",
                "koodimonni-language/core-de_de": "*",
                "koodimonni-language/core-en_gb": "*",
                "koodimonni-language/core-fr_fr": "*",
                "koodimonni-language/core-ja": "*",
                "koodimonni-language/core-nl_nl": "*",
                "overtrue/phplint": "^9.0",
                "php-coveralls/php-coveralls": "^2.4",
                "php-stubs/wordpress-globals": "^0.2.0",
                "phpmd/phpmd": "^2.9",
                "pronamic/pronamic-cli": "^1.1",
                "pronamic/wp-coding-standards": "^2.0",
                "roots/wordpress": "^6.0",
                "yoast/phpunit-polyfills": "^2.0"
            },
            "type": "wordpress-plugin",
            "autoload": {
                "psr-4": {
                    "Pronamic\\WordPress\\DateTime\\": "src"
                }
            },
            "notification-url": "https://packagist.org/downloads/",
            "license": [
                "GPL-3.0-or-later"
            ],
            "description": "WordPress DateTime library.",
            "support": {
                "issues": "https://github.com/pronamic/wp-datetime/issues",
                "source": "https://github.com/pronamic/wp-datetime/tree/v2.2.0"
            },
            "time": "2026-03-23T08:19:30+00:00"
        },
        {
            "name": "pronamic/wp-html",
            "version": "v2.2.2",
            "source": {
                "type": "git",
                "url": "https://github.com/pronamic/wp-html.git",
                "reference": "96e82b561334215d54af2d1abf25806bceaa7e2e"
            },
            "dist": {
                "type": "zip",
                "url": "https://api.github.com/repos/pronamic/wp-html/zipball/96e82b561334215d54af2d1abf25806bceaa7e2e",
                "reference": "96e82b561334215d54af2d1abf25806bceaa7e2e",
                "shasum": ""
            },
            "require": {
                "php": ">=8.1"
            },
            "require-dev": {
                "automattic/wordbless": "^0.4.1",
                "bamarni/composer-bin-plugin": "^1.8",
                "php-coveralls/php-coveralls": "^2.6",
                "php-stubs/wordpress-globals": "^0.2.0",
                "phpmd/phpmd": "^2.14",
                "phpstan/phpstan": "^1.11",
                "pronamic/pronamic-cli": "^1.1",
                "pronamic/wp-coding-standards": "^2.0",
                "roots/wordpress": "^6.0",
                "szepeviktor/phpstan-wordpress": "^1.3",
                "vimeo/psalm": "^4.30",
                "yoast/phpunit-polyfills": "^2.0"
            },
            "type": "wordpress-plugin",
            "autoload": {
                "psr-4": {
                    "Pronamic\\WordPress\\Html\\": "src"
                }
            },
            "notification-url": "https://packagist.org/downloads/",
            "description": "WordPress HTML library.",
            "support": {
                "issues": "https://github.com/pronamic/wp-html/issues",
                "source": "https://github.com/pronamic/wp-html/tree/v2.2.2"
            },
            "time": "2024-12-17T12:41:40+00:00"
        },
        {
            "name": "pronamic/wp-http",
            "version": "v1.2.4",
            "source": {
                "type": "git",
                "url": "https://github.com/pronamic/wp-http.git",
                "reference": "0980eb542383b4abfd3e844dcdf9e1dcebfa2062"
            },
            "dist": {
                "type": "zip",
                "url": "https://api.github.com/repos/pronamic/wp-http/zipball/0980eb542383b4abfd3e844dcdf9e1dcebfa2062",
                "reference": "0980eb542383b4abfd3e844dcdf9e1dcebfa2062",
                "shasum": ""
            },
            "require": {
                "php": ">=7.4"
            },
            "require-dev": {
                "automattic/wordbless": "^0.3 || ^0.4",
                "bamarni/composer-bin-plugin": "^1.4",
                "php-coveralls/php-coveralls": "^2.4",
                "phpmd/phpmd": "^2.9",
                "phpstan/phpstan": "^1.11",
                "pronamic/pronamic-cli": "^1.1",
                "pronamic/wp-coding-standards": "^2.2",
                "roots/wordpress": "^6.0",
                "szepeviktor/phpstan-wordpress": "^1.3",
                "vimeo/psalm": "^0.3.14",
                "yoast/phpunit-polyfills": "^1.0"
            },
            "type": "wordpress-plugin",
            "autoload": {
                "psr-4": {
                    "Pronamic\\WordPress\\Http\\": "src"
                }
            },
            "notification-url": "https://packagist.org/downloads/",
            "description": "WordPress HTTP library.",
            "support": {
                "issues": "https://github.com/pronamic/wp-http/issues",
                "source": "https://github.com/pronamic/wp-http/tree/v1.2.4"
            },
            "time": "2024-12-17T12:45:36+00:00"
        },
        {
            "name": "pronamic/wp-money",
            "version": "v2.4.4",
            "source": {
                "type": "git",
                "url": "https://github.com/pronamic/wp-money.git",
                "reference": "f2762d981b1d6ab8739b6f74a9f5ff21bd759efc"
            },
            "dist": {
                "type": "zip",
                "url": "https://api.github.com/repos/pronamic/wp-money/zipball/f2762d981b1d6ab8739b6f74a9f5ff21bd759efc",
                "reference": "f2762d981b1d6ab8739b6f74a9f5ff21bd759efc",
                "shasum": ""
            },
            "require": {
                "php": ">=7.4",
                "pronamic/wp-number": "^1.3"
            },
            "require-dev": {
                "bamarni/composer-bin-plugin": "^1.4",
                "koodimonni-language/de_de": "*",
                "koodimonni-language/fr_fr": "*",
                "koodimonni-language/nl_nl": "*",
                "overtrue/phplint": "^9.0",
                "php-coveralls/php-coveralls": "^2.4",
                "phpmd/phpmd": "^2.4",
                "phpstan/phpstan": "^1.11",
                "pronamic/pronamic-cli": "^1.1",
                "pronamic/wp-coding-standards": "^1.3",
                "roots/wordpress": "^6.0",
                "szepeviktor/phpstan-wordpress": "^1.3",
                "vimeo/psalm": "^5.25",
                "vlucas/phpdotenv": "^2.0",
                "wp-phpunit/wp-phpunit": "^6.1",
                "yoast/phpunit-polyfills": "^1.0"
            },
            "type": "wordpress-plugin",
            "autoload": {
                "psr-4": {
                    "Pronamic\\WordPress\\Money\\": "src"
                }
            },
            "notification-url": "https://packagist.org/downloads/",
            "license": [
                "GPL-3.0-or-later"
            ],
            "description": "WordPress Money library.",
            "support": {
                "issues": "https://github.com/pronamic/wp-money/issues",
                "source": "https://github.com/pronamic/wp-money/tree/v2.4.4"
            },
            "time": "2024-10-02T08:04:48+00:00"
        },
        {
            "name": "pronamic/wp-number",
            "version": "v1.4.1",
            "source": {
                "type": "git",
                "url": "https://github.com/pronamic/wp-number.git",
                "reference": "263adc9fd881bd9393826b385cfa85b50c3dcbe8"
            },
            "dist": {
                "type": "zip",
                "url": "https://api.github.com/repos/pronamic/wp-number/zipball/263adc9fd881bd9393826b385cfa85b50c3dcbe8",
                "reference": "263adc9fd881bd9393826b385cfa85b50c3dcbe8",
                "shasum": ""
            },
            "require": {
                "php": ">=7.4"
            },
            "require-dev": {
                "bamarni/composer-bin-plugin": "^1.4",
                "koodimonni-language/core-de_de": "*",
                "koodimonni-language/core-fr_fr": "*",
                "koodimonni-language/core-nl_nl": "*",
                "overtrue/phplint": "^4.5",
                "php-coveralls/php-coveralls": "^2.5",
                "phpmd/phpmd": "^2.13",
                "phpstan/phpstan": "^1.11",
                "pronamic/pronamic-cli": "^1.1",
                "pronamic/wp-coding-standards": "^2.2",
                "roots/wordpress": "^6.0",
                "szepeviktor/phpstan-wordpress": "^1.3",
                "vimeo/psalm": "*",
                "wp-phpunit/wp-phpunit": "^6.1",
                "yoast/phpunit-polyfills": "^1.0"
            },
            "type": "wordpress-plugin",
            "autoload": {
                "psr-4": {
                    "Pronamic\\WordPress\\Number\\": "src"
                }
            },
            "notification-url": "https://packagist.org/downloads/",
            "license": [
                "GPL-2.0-or-later"
            ],
            "authors": [
                {
                    "name": "Pronamic",
                    "email": "info@pronamic.eu",
                    "homepage": "https://www.pronamic.eu/",
                    "role": "Company"
                },
                {
                    "name": "Remco Tolsma",
                    "email": "info@remcotolsma.nl",
                    "homepage": "https://www.remcotolsma.nl/",
                    "role": "Developer"
                }
            ],
            "description": "WordPress Number library.",
            "keywords": [
                "Double",
                "calculator",
                "float",
                "i18n",
                "int",
                "number",
                "wordpress"
            ],
            "support": {
                "issues": "https://github.com/pronamic/wp-number/issues",
                "source": "https://github.com/pronamic/wp-number/tree/v1.4.1"
            },
            "time": "2026-03-23T08:26:29+00:00"
        },
        {
            "name": "pronamic/wp-pay-logos",
            "version": "v2.3.2",
            "source": {
                "type": "git",
                "url": "https://github.com/pronamic/wp-pay-logos.git",
                "reference": "a430833c031a7f88e30ea4f196ae3ad3beb24823"
            },
            "dist": {
                "type": "zip",
                "url": "https://api.github.com/repos/pronamic/wp-pay-logos/zipball/a430833c031a7f88e30ea4f196ae3ad3beb24823",
                "reference": "a430833c031a7f88e30ea4f196ae3ad3beb24823",
                "shasum": ""
            },
            "require": {
                "php": ">=8.1"
            },
            "require-dev": {
                "symfony/console": "^5.1",
                "symfony/filesystem": "^5.1",
                "symfony/finder": "^5.1"
            },
            "type": "library",
            "autoload": {
                "psr-4": {
                    "Pronamic\\WpPayLogos\\": "php/"
                }
            },
            "notification-url": "https://packagist.org/downloads/",
            "license": [
                "GPL-2.0-or-later"
            ],
            "authors": [
                {
                    "name": "Pronamic",
                    "email": "info@pronamic.nl"
                }
            ],
            "support": {
                "issues": "https://github.com/pronamic/wp-pay-logos/issues",
                "source": "https://github.com/pronamic/wp-pay-logos/tree/v2.3.2"
            },
            "time": "2025-12-01T15:29:15+00:00"
        },
        {
            "name": "viison/address-splitter",
            "version": "0.3.4",
            "source": {
                "type": "git",
                "url": "https://github.com/pickware/address-splitter.git",
                "reference": "ebad709276aaadce94a3a1fe2507aa38a467a94a"
            },
            "dist": {
                "type": "zip",
                "url": "https://api.github.com/repos/pickware/address-splitter/zipball/ebad709276aaadce94a3a1fe2507aa38a467a94a",
                "reference": "ebad709276aaadce94a3a1fe2507aa38a467a94a",
                "shasum": ""
            },
            "require": {
                "php": ">=5.3.2"
            },
            "require-dev": {
                "phpunit/phpunit": "~4.0"
            },
            "type": "library",
            "autoload": {
                "psr-4": {
                    "VIISON\\AddressSplitter\\": "src/"
                }
            },
            "notification-url": "https://packagist.org/downloads/",
            "license": [
                "MIT"
            ],
            "authors": [
                {
                    "name": "VIISON GmbH",
                    "email": "contact@viison.com"
                }
            ],
            "description": "Tries to split an address line into street name, house number and other additional information like building, apartment information etc.",
            "support": {
                "issues": "https://github.com/pickware/address-splitter/issues",
                "source": "https://github.com/pickware/address-splitter/tree/0.3.4"
            },
            "time": "2019-10-24T09:23:47+00:00"
        },
        {
            "name": "woocommerce/action-scheduler",
            "version": "3.9.3",
            "source": {
                "type": "git",
                "url": "https://github.com/woocommerce/action-scheduler.git",
                "reference": "c58cdbab17651303d406cd3b22cf9d75c71c986c"
            },
            "dist": {
                "type": "zip",
                "url": "https://api.github.com/repos/woocommerce/action-scheduler/zipball/c58cdbab17651303d406cd3b22cf9d75c71c986c",
                "reference": "c58cdbab17651303d406cd3b22cf9d75c71c986c",
                "shasum": ""
            },
            "require": {
                "php": ">=7.2"
            },
            "require-dev": {
                "phpunit/phpunit": "^8.5",
                "woocommerce/woocommerce-sniffs": "0.1.0",
                "wp-cli/wp-cli": "~2.5.0",
                "yoast/phpunit-polyfills": "^2.0"
            },
            "type": "wordpress-plugin",
            "extra": {
                "scripts-description": {
                    "test": "Run unit tests",
                    "phpcs": "Analyze code against the WordPress coding standards with PHP_CodeSniffer",
                    "phpcbf": "Fix coding standards warnings/errors automatically with PHP Code Beautifier"
                }
            },
            "notification-url": "https://packagist.org/downloads/",
            "license": [
                "GPL-3.0-or-later"
            ],
            "description": "Action Scheduler for WordPress and WooCommerce",
            "homepage": "https://actionscheduler.org/",
            "support": {
                "issues": "https://github.com/woocommerce/action-scheduler/issues",
                "source": "https://github.com/woocommerce/action-scheduler/tree/3.9.3"
            },
            "time": "2025-07-15T09:32:30+00:00"
        },
        {
            "name": "wp-pay/core",
            "version": "v4.32.0",
            "source": {
                "type": "git",
                "url": "https://github.com/pronamic/wp-pay-core.git",
                "reference": "aabfb86ae32e76775cc3a8e43386e4213dec1fd6"
            },
            "dist": {
                "type": "zip",
                "url": "https://api.github.com/repos/pronamic/wp-pay-core/zipball/aabfb86ae32e76775cc3a8e43386e4213dec1fd6",
                "reference": "aabfb86ae32e76775cc3a8e43386e4213dec1fd6",
                "shasum": ""
            },
            "require": {
                "automattic/jetpack-autoloader": "^3.0 || ^4.0 || ^5.0",
                "ext-dom": "*",
                "ext-libxml": "*",
                "ext-simplexml": "*",
                "php": ">=8.2",
                "pronamic/wp-datetime": "^2.1",
                "pronamic/wp-html": "^2.2",
                "pronamic/wp-http": "^1.2",
                "pronamic/wp-money": "^2.3",
                "pronamic/wp-number": "^1.3",
                "pronamic/wp-pay-logos": "^2.3",
                "viison/address-splitter": "^0.3.4",
                "woocommerce/action-scheduler": "^3.9"
            },
            "require-dev": {
                "overtrue/phplint": "^9.6",
                "php-coveralls/php-coveralls": "^2.4",
                "php-stubs/wordpress-globals": "^0.2.0",
                "php-stubs/wp-cli-stubs": "^2.4",
                "phpmd/phpmd": "^2.9",
                "phpstan/extension-installer": "^1.3",
                "phpstan/phpstan": "^2.1",
                "pronamic/pronamic-cli": "^1.1",
                "pronamic/wp-coding-standards": "^2.4",
                "pronamic/wp-documentor": "^1.4",
                "rector/rector": "^2.3",
                "roots/wordpress": "^6.8",
                "szepeviktor/phpstan-wordpress": "^2.0",
                "vimeo/psalm": "^5.24",
                "wordpress/sqlite-database-integration": "^2.1",
                "wp-cli/wp-cli": "^2.3",
                "wp-phpunit/wp-phpunit": "^6.1",
                "yoast/phpunit-polyfills": "^4.0"
            },
            "type": "wordpress-plugin",
            "autoload": {
                "files": [
                    "includes/functions.php"
                ],
                "psr-4": {
                    "Pronamic\\WordPress\\Pay\\": "src/"
                }
            },
            "notification-url": "https://packagist.org/downloads/",
            "license": [
                "GPL-3.0-or-later"
            ],
            "authors": [
                {
                    "name": "Pronamic",
                    "email": "info@pronamic.eu",
                    "homepage": "https://www.pronamic.eu/",
                    "role": "Company"
                },
                {
                    "name": "Remco Tolsma",
                    "email": "info@remcotolsma.nl",
                    "homepage": "https://www.remcotolsma.nl/",
                    "role": "Developer"
                }
            ],
            "description": "Core components for the WordPress payment processing library.",
            "homepage": "https://www.wp-pay.org/",
            "keywords": [
                "core",
                "gateway",
                "pay",
                "pronamic",
                "wordpress",
                "wp"
            ],
            "support": {
                "email": "support@wp-pay.org",
                "issues": "https://github.com/wp-pay/core/issues",
                "source": "https://github.com/wp-pay/core"
            },
            "time": "2026-03-23T08:37:03+00:00"
        }
    ],
    "packages-dev": [
        {
            "name": "roots/wordpress-no-content",
            "version": "6.9.4",
            "source": {
                "type": "git",
                "url": "https://github.com/WordPress/WordPress.git",
                "reference": "6.9.4"
            },
            "dist": {
                "type": "zip",
                "url": "https://downloads.w.org/release/wordpress-6.9.4-no-content.zip",
                "reference": "6.9.4",
                "shasum": "8ae812bb54223ef859cd3de37f1c6b1db20e0e6f"
            },
            "require": {
                "php": ">= 7.2.24"
            },
            "provide": {
                "wordpress/core-implementation": "6.9.4"
            },
            "suggest": {
                "ext-curl": "Performs remote request operations.",
                "ext-dom": "Used to validate Text Widget content and to automatically configuring IIS7+.",
                "ext-exif": "Works with metadata stored in images.",
                "ext-fileinfo": "Used to detect mimetype of file uploads.",
                "ext-hash": "Used for hashing, including passwords and update packages.",
                "ext-imagick": "Provides better image quality for media uploads.",
                "ext-json": "Used for communications with other servers.",
                "ext-libsodium": "Validates Signatures and provides securely random bytes.",
                "ext-mbstring": "Used to properly handle UTF8 text.",
                "ext-mysqli": "Connects to MySQL for database interactions.",
                "ext-openssl": "Permits SSL-based connections to other hosts.",
                "ext-pcre": "Increases performance of pattern matching in code searches.",
                "ext-xml": "Used for XML parsing, such as from a third-party site.",
                "ext-zip": "Used for decompressing Plugins, Themes, and WordPress update packages."
            },
            "type": "wordpress-core",
            "notification-url": "https://packagist.org/downloads/",
            "license": [
                "GPL-2.0-or-later"
            ],
            "authors": [
                {
                    "name": "WordPress Community",
                    "homepage": "https://wordpress.org/about/"
                }
            ],
            "description": "WordPress is open source software you can use to create a beautiful website, blog, or app.",
            "homepage": "https://wordpress.org/",
            "keywords": [
                "blog",
                "cms",
                "wordpress"
            ],
            "support": {
                "docs": "https://developer.wordpress.org/",
                "forum": "https://wordpress.org/support/",
                "irc": "irc://irc.freenode.net/wordpress",
                "issues": "https://core.trac.wordpress.org/",
                "rss": "https://wordpress.org/news/feed/",
                "source": "https://core.trac.wordpress.org/browser",
                "wiki": "https://codex.wordpress.org/"
            },
            "funding": [
                {
                    "url": "https://wordpressfoundation.org/donate/",
                    "type": "other"
                }
            ],
            "time": "2026-03-11T15:49:55+00:00"
        }
    ],
    "aliases": [],
    "minimum-stability": "stable",
    "stability-flags": {},
    "prefer-stable": false,
    "prefer-lowest": false,
    "platform": {
        "php": ">=8.0"
    },
    "platform-dev": {},
    "plugin-api-version": "2.9.0"
}
